
Microsoft Visual Studio Solution File, Format Version 12.00
# Visual Studio Version 16
VisualStudioVersion = 16.0.31410.357
MinimumVisualStudioVersion = 10.0.40219.1
Project("{FAE04EC0-301F-11D3-BF4B-00C04F79EFBC}") = "Lab2Task1", "Lab2Task1\Lab2Task1.csproj", "{109BDCB9-EE29-4E85-8CF4-B0AFFD81571F}"
EndProject
Global
	GlobalSection(SolutionConfigurationPlatforms) = preSolution
		Debug|Any CPU = Debug|Any CPU
		Release|Any CPU = Release|Any CPU
	EndGlobalSection
	GlobalSection(ProjectConfigurationPlatforms) = postSolution
		{109BDCB9-EE29-4E85-8CF4-B0AFFD81571F}.Debug|Any CPU.ActiveCfg = Debug|Any CPU
		{109BDCB9-EE29-4E85-8CF4-B0AFFD81571F}.Debug|Any CPU.Build.0 = Debug|Any CPU
		{109BDCB9-EE29-4E85-8CF4-B0AFFD81571F}.Release|Any CPU.ActiveCfg = Release|Any CPU
		{109BDCB9-EE29-4E85-8CF4-B0AFFD81571F}.Release|Any CPU.Build.0 = Release|Any CPU
	EndGlobalSection
	GlobalSection(SolutionProperties) = preSolution
		HideSolutionNode = FALSE
	EndGlobalSection
	GlobalSection(ExtensibilityGlobals) = postSolution
		SolutionGuid = {993B1647-D754-4F1C-8538-AA22BD0DEE41}
	EndGlobalSection
EndGlobal
