
Microsoft Visual Studio Solution File, Format Version 12.00
# Visual Studio Version 16
VisualStudioVersion = 16.0.31410.357
MinimumVisualStudioVersion = 10.0.40219.1
Project("{FAE04EC0-301F-11D3-BF4B-00C04F79EFBC}") = "Lab2Task5", "Lab2Task5\Lab2Task5.csproj", "{65A0459B-7B98-461B-8DDF-5AD6DE82B944}"
EndProject
Global
	GlobalSection(SolutionConfigurationPlatforms) = preSolution
		Debug|Any CPU = Debug|Any CPU
		Release|Any CPU = Release|Any CPU
	EndGlobalSection
	GlobalSection(ProjectConfigurationPlatforms) = postSolution
		{65A0459B-7B98-461B-8DDF-5AD6DE82B944}.Debug|Any CPU.ActiveCfg = Debug|Any CPU
		{65A0459B-7B98-461B-8DDF-5AD6DE82B944}.Debug|Any CPU.Build.0 = Debug|Any CPU
		{65A0459B-7B98-461B-8DDF-5AD6DE82B944}.Release|Any CPU.ActiveCfg = Release|Any CPU
		{65A0459B-7B98-461B-8DDF-5AD6DE82B944}.Release|Any CPU.Build.0 = Release|Any CPU
	EndGlobalSection
	GlobalSection(SolutionProperties) = preSolution
		HideSolutionNode = FALSE
	EndGlobalSection
	GlobalSection(ExtensibilityGlobals) = postSolution
		SolutionGuid = {199C8838-3F31-4C2A-8074-D52E10A787F4}
	EndGlobalSection
EndGlobal
