
Microsoft Visual Studio Solution File, Format Version 12.00
# Visual Studio Version 16
VisualStudioVersion = 16.0.31410.357
MinimumVisualStudioVersion = 10.0.40219.1
Project("{FAE04EC0-301F-11D3-BF4B-00C04F79EFBC}") = "Lab2Task4", "Lab2Task4\Lab2Task4.csproj", "{F7C5AFC2-6DBE-4745-A99F-81014B51D22F}"
EndProject
Global
	GlobalSection(SolutionConfigurationPlatforms) = preSolution
		Debug|Any CPU = Debug|Any CPU
		Release|Any CPU = Release|Any CPU
	EndGlobalSection
	GlobalSection(ProjectConfigurationPlatforms) = postSolution
		{F7C5AFC2-6DBE-4745-A99F-81014B51D22F}.Debug|Any CPU.ActiveCfg = Debug|Any CPU
		{F7C5AFC2-6DBE-4745-A99F-81014B51D22F}.Debug|Any CPU.Build.0 = Debug|Any CPU
		{F7C5AFC2-6DBE-4745-A99F-81014B51D22F}.Release|Any CPU.ActiveCfg = Release|Any CPU
		{F7C5AFC2-6DBE-4745-A99F-81014B51D22F}.Release|Any CPU.Build.0 = Release|Any CPU
	EndGlobalSection
	GlobalSection(SolutionProperties) = preSolution
		HideSolutionNode = FALSE
	EndGlobalSection
	GlobalSection(ExtensibilityGlobals) = postSolution
		SolutionGuid = {46C8C555-47B6-4D16-AEFD-6B34DD45DA91}
	EndGlobalSection
EndGlobal
